{
  "object": {
    "pins": [
      {
        "package": "keychain-swift",
        "repositoryURL": "https://github.com/evgenyneu/keychain-swift.git",
        "state": {
          "branch": "master",
          "revision": "e538f8bb0434c70d27b25ca72bec96735183c037",
          "version": null
        }
      },
      {
        "package": "Reachability.swift",
        "repositoryURL": "https://github.com/ashleymills/Reachability.swift.git",
        "state": {
          "branch": "master",
          "revision": "a81b7367f2c46875f29577e03a60c39cdfad0c8d",
          "version": null
        }
      },
      {
        "package": "RNCryptor",
        "repositoryURL": "https://github.com/RNCryptor/RNCryptor.git",
        "state": {
          "branch": "release",
          "revision": "5e3bbf44f08bf90049537cb8902d8f4fa911a79a",
          "version": null
        }
      }
    ]
  },
  "version": 1
}
